
Microsoft Visual Studio Solution File, Format Version 12.00
# Visual Studio Version 16
VisualStudioVersion = 16.0.33423.256
MinimumVisualStudioVersion = 10.0.40219.1
Project("{FAE04EC0-301F-11D3-BF4B-00C04F79EFBC}") = "VPNMonitor", "VPNMonitor.csproj", "{9BF20C6C-4D39-45BA-82B0-8A9DF6768E80}"
EndProject
Global
	GlobalSection(SolutionConfigurationPlatforms) = preSolution
		Debug|Any CPU = Debug|Any CPU
		Release|Any CPU = Release|Any CPU
	EndGlobalSection
	GlobalSection(ProjectConfigurationPlatforms) = postSolution
		{9BF20C6C-4D39-45BA-82B0-8A9DF6768E80}.Debug|Any CPU.ActiveCfg = Debug|Any CPU
		{9BF20C6C-4D39-45BA-82B0-8A9DF6768E80}.Debug|Any CPU.Build.0 = Debug|Any CPU
		{9BF20C6C-4D39-45BA-82B0-8A9DF6768E80}.Release|Any CPU.ActiveCfg = Release|Any CPU
		{9BF20C6C-4D39-45BA-82B0-8A9DF6768E80}.Release|Any CPU.Build.0 = Release|Any CPU
	EndGlobalSection
	GlobalSection(SolutionProperties) = preSolution
		HideSolutionNode = FALSE
	EndGlobalSection
	GlobalSection(ExtensibilityGlobals) = postSolution
		SolutionGuid = {82C46BA9-78C2-46D0-8C59-31513F5D180F}
	EndGlobalSection
EndGlobal
